
Microsoft Visual Studio Solution File, Format Version 12.00
# Visual Studio Version 16
VisualStudioVersion = 16.0.30523.141
MinimumVisualStudioVersion = 10.0.40219.1
Project("{9A19103F-16F7-4668-BE54-9A1E7A4F7556}") = "MyLibrary", "MyLibrary\MyLibrary.csproj", "{4CABF1F7-75C4-410E-98FC-4C3B73DE8255}"
EndProject
Project("{2150E333-8FDC-42A3-9474-1A3956D46DE8}") = "Solution Items", "Solution Items", "{8BF02EAF-56F1-4891-9121-919256F3DEBB}"
	ProjectSection(SolutionItems) = preProject
		.editorconfig = .editorconfig
		.gitignore = .gitignore
		appveyor.yml = appveyor.yml
		Directory.Build.props = Directory.Build.props
		LICENSE = LICENSE
		MyLibrary.ruleset = MyLibrary.ruleset
		README.md = README.md
	EndProjectSection
EndProject
Project("{FAE04EC0-301F-11D3-BF4B-00C04F79EFBC}") = "MyLibraryDemo", "MyLibraryDemo\MyLibraryDemo.csproj", "{7D34563E-9459-4F11-AEE6-584C000908A1}"
EndProject
Project("{FAE04EC0-301F-11D3-BF4B-00C04F79EFBC}") = "MyLibraryTest", "MyLibraryTest\MyLibraryTest.csproj", "{1897145C-326D-4042-9143-5B213C0212E2}"
EndProject
Global
	GlobalSection(SolutionConfigurationPlatforms) = preSolution
		Debug|Any CPU = Debug|Any CPU
		Release|Any CPU = Release|Any CPU
	EndGlobalSection
	GlobalSection(ProjectConfigurationPlatforms) = postSolution
		{4CABF1F7-75C4-410E-98FC-4C3B73DE8255}.Debug|Any CPU.ActiveCfg = Debug|Any CPU
		{4CABF1F7-75C4-410E-98FC-4C3B73DE8255}.Debug|Any CPU.Build.0 = Debug|Any CPU
		{4CABF1F7-75C4-410E-98FC-4C3B73DE8255}.Release|Any CPU.ActiveCfg = Release|Any CPU
		{4CABF1F7-75C4-410E-98FC-4C3B73DE8255}.Release|Any CPU.Build.0 = Release|Any CPU
		{7D34563E-9459-4F11-AEE6-584C000908A1}.Debug|Any CPU.ActiveCfg = Debug|Any CPU
		{7D34563E-9459-4F11-AEE6-584C000908A1}.Debug|Any CPU.Build.0 = Debug|Any CPU
		{7D34563E-9459-4F11-AEE6-584C000908A1}.Release|Any CPU.ActiveCfg = Release|Any CPU
		{7D34563E-9459-4F11-AEE6-584C000908A1}.Release|Any CPU.Build.0 = Release|Any CPU
		{1897145C-326D-4042-9143-5B213C0212E2}.Debug|Any CPU.ActiveCfg = Debug|Any CPU
		{1897145C-326D-4042-9143-5B213C0212E2}.Debug|Any CPU.Build.0 = Debug|Any CPU
		{1897145C-326D-4042-9143-5B213C0212E2}.Release|Any CPU.ActiveCfg = Release|Any CPU
		{1897145C-326D-4042-9143-5B213C0212E2}.Release|Any CPU.Build.0 = Release|Any CPU
	EndGlobalSection
	GlobalSection(SolutionProperties) = preSolution
		HideSolutionNode = FALSE
	EndGlobalSection
	GlobalSection(ExtensibilityGlobals) = postSolution
		SolutionGuid = {8EEAF53A-76DA-4070-ABF4-9AAC8A3DA18A}
	EndGlobalSection
EndGlobal
